{
  "name": "react-native-darkmode-theme",
  "version": "0.0.1",
  "lockfileVersion": 1,
  "requires": true,
  "dependencies": {
    "@types/prop-types": {
      "version": "15.7.3",
      "resolved": "https://artifactory.nml.com:443/artifactory/api/npm/npm/@types%2fprop-types/-/prop-types-15.7.3.tgz",
      "integrity": "sha1-KrDV2i5YFflLC51LldHl8kOrLKc=",
      "dev": true
    },
    "@types/react": {
      "version": "17.0.3",
      "resolved": "https://artifactory.nml.com:443/artifactory/api/npm/npm/@types%2freact/-/react-17.0.3.tgz",
      "integrity": "sha1-um4hU2hQGsOCaVHu8pBFdMJizHk=",
      "dev": true,
      "requires": {
        "@types/prop-types": "*",
        "@types/scheduler": "*",
        "csstype": "^3.0.2"
      }
    },
    "@types/react-native": {
      "version": "0.64.0",
      "resolved": "https://artifactory.nml.com:443/artifactory/api/npm/npm/@types%2freact-native/-/react-native-0.64.0.tgz",
      "integrity": "sha1-jEqrZ/yiGX6sxz5AMjm+hckJ1WQ=",
      "dev": true,
      "requires": {
        "@types/react": "*"
      }
    },
    "@types/scheduler": {
      "version": "0.16.1",
      "resolved": "https://artifactory.nml.com:443/artifactory/api/npm/npm/@types%2fscheduler/-/scheduler-0.16.1.tgz",
      "integrity": "sha1-GIRSBehv8AOFF6q3oYpiprn3EnU=",
      "dev": true
    },
    "csstype": {
      "version": "3.0.7",
      "resolved": "https://artifactory.nml.com:443/artifactory/api/npm/npm/csstype/-/csstype-3.0.7.tgz",
      "integrity": "sha1-Kl+3XhAV6E3RVpL3HomhRQKQlQs=",
      "dev": true
    },
    "typescript": {
      "version": "4.2.3",
      "resolved": "https://artifactory.nml.com:443/artifactory/api/npm/npm/typescript/-/typescript-4.2.3.tgz",
      "integrity": "sha1-OQYtgBmRLUNyYpjwlJPVmASMHOM=",
      "dev": true
    }
  }
}
